// !$*UTF8*$!
{
	archiveVersion = 1;
	classes = {
	};
	objectVersion = 50;
	objects = {

/* Begin PBXBuildFile section */
		DE4AA2C7230161F9008043D1 /* UserManager.swift in Sources */ = {isa = PBXBuildFile; fileRef = DE4AA2C6230161F9008043D1 /* UserManager.swift */; };
		DE4AA2C9230165BF008043D1 /* APIConstants.swift in Sources */ = {isa = PBXBuildFile; fileRef = DE4AA2C8230165BF008043D1 /* APIConstants.swift */; };
		DE4AA2CB230167A6008043D1 /* ServiceContainer.swift in Sources */ = {isa = PBXBuildFile; fileRef = DE4AA2CA230167A6008043D1 /* ServiceContainer.swift */; };
		DE4AA2CD23016AE8008043D1 /* APIManager.swift in Sources */ = {isa = PBXBuildFile; fileRef = DE4AA2CC23016AE8008043D1 /* APIManager.swift */; };
		DE7634C123005BAB00BF90C5 /* AppDelegate.swift in Sources */ = {isa = PBXBuildFile; fileRef = DE7634C023005BAB00BF90C5 /* AppDelegate.swift */; };
		DE7634C323005BAB00BF90C5 /* MainViewController.swift in Sources */ = {isa = PBXBuildFile; fileRef = DE7634C223005BAB00BF90C5 /* MainViewController.swift */; };
		DE7634C823005BAC00BF90C5 /* Assets.xcassets in Resources */ = {isa = PBXBuildFile; fileRef = DE7634C723005BAC00BF90C5 /* Assets.xcassets */; };
		DE7634D423005ECA00BF90C5 /* Constants.swift in Sources */ = {isa = PBXBuildFile; fileRef = DE7634D323005ECA00BF90C5 /* Constants.swift */; };
		DE7634D723005FF300BF90C5 /* BaseViewController.swift in Sources */ = {isa = PBXBuildFile; fileRef = DE7634D623005FF300BF90C5 /* BaseViewController.swift */; };
		DE93647A2301A2360098DD0F /* Alamofire.framework in Frameworks */ = {isa = PBXBuildFile; fileRef = DE9364792301A2360098DD0F /* Alamofire.framework */; };
		DE93647D2301B3080098DD0F /* APIError.swift in Sources */ = {isa = PBXBuildFile; fileRef = DE93647C2301B3080098DD0F /* APIError.swift */; };
		DE93647F2301B4FF0098DD0F /* Responses.swift in Sources */ = {isa = PBXBuildFile; fileRef = DE93647E2301B4FF0098DD0F /* Responses.swift */; };
		DE9364812301E42A0098DD0F /* Root.storyboard in Resources */ = {isa = PBXBuildFile; fileRef = DE9364802301E42A0098DD0F /* Root.storyboard */; };
		DE9364832301E4F20098DD0F /* Login.storyboard in Resources */ = {isa = PBXBuildFile; fileRef = DE9364822301E4F20098DD0F /* Login.storyboard */; };
		DE9364852301E5200098DD0F /* RootViewController.swift in Sources */ = {isa = PBXBuildFile; fileRef = DE9364842301E5200098DD0F /* RootViewController.swift */; };
		DE9364872301E5380098DD0F /* LoginViewController.swift in Sources */ = {isa = PBXBuildFile; fileRef = DE9364862301E5380098DD0F /* LoginViewController.swift */; };
		DE9CC13A2303165F002AD56D /* LaunchScreen.storyboard in Resources */ = {isa = PBXBuildFile; fileRef = DE9CC1392303165F002AD56D /* LaunchScreen.storyboard */; };
		DE9CC13C23031670002AD56D /* Main.storyboard in Resources */ = {isa = PBXBuildFile; fileRef = DE9CC13B23031670002AD56D /* Main.storyboard */; };
/* End PBXBuildFile section */

/* Begin PBXFileReference section */
		DE4AA2C6230161F9008043D1 /* UserManager.swift */ = {isa = PBXFileReference; lastKnownFileType = sourcecode.swift; path = UserManager.swift; sourceTree = "<group>"; };
		DE4AA2C8230165BF008043D1 /* APIConstants.swift */ = {isa = PBXFileReference; lastKnownFileType = sourcecode.swift; path = APIConstants.swift; sourceTree = "<group>"; };
		DE4AA2CA230167A6008043D1 /* ServiceContainer.swift */ = {isa = PBXFileReference; lastKnownFileType = sourcecode.swift; path = ServiceContainer.swift; sourceTree = "<group>"; };
		DE4AA2CC23016AE8008043D1 /* APIManager.swift */ = {isa = PBXFileReference; lastKnownFileType = sourcecode.swift; path = APIManager.swift; sourceTree = "<group>"; };
		DE7634BD23005BAB00BF90C5 /* VKDocuments.app */ = {isa = PBXFileReference; explicitFileType = wrapper.application; includeInIndex = 0; path = VKDocuments.app; sourceTree = BUILT_PRODUCTS_DIR; };
		DE7634C023005BAB00BF90C5 /* AppDelegate.swift */ = {isa = PBXFileReference; lastKnownFileType = sourcecode.swift; path = AppDelegate.swift; sourceTree = "<group>"; };
		DE7634C223005BAB00BF90C5 /* MainViewController.swift */ = {isa = PBXFileReference; lastKnownFileType = sourcecode.swift; path = MainViewController.swift; sourceTree = "<group>"; };
		DE7634C723005BAC00BF90C5 /* Assets.xcassets */ = {isa = PBXFileReference; lastKnownFileType = folder.assetcatalog; path = Assets.xcassets; sourceTree = "<group>"; };
		DE7634CC23005BAC00BF90C5 /* Info.plist */ = {isa = PBXFileReference; lastKnownFileType = text.plist.xml; path = Info.plist; sourceTree = "<group>"; };
		DE7634D323005ECA00BF90C5 /* Constants.swift */ = {isa = PBXFileReference; lastKnownFileType = sourcecode.swift; path = Constants.swift; sourceTree = "<group>"; };
		DE7634D623005FF300BF90C5 /* BaseViewController.swift */ = {isa = PBXFileReference; lastKnownFileType = sourcecode.swift; path = BaseViewController.swift; sourceTree = "<group>"; };
		DE9364792301A2360098DD0F /* Alamofire.framework */ = {isa = PBXFileReference; lastKnownFileType = wrapper.framework; name = Alamofire.framework; path = Carthage/Build/iOS/Alamofire.framework; sourceTree = "<group>"; };
		DE93647C2301B3080098DD0F /* APIError.swift */ = {isa = PBXFileReference; lastKnownFileType = sourcecode.swift; path = APIError.swift; sourceTree = "<group>"; };
		DE93647E2301B4FF0098DD0F /* Responses.swift */ = {isa = PBXFileReference; lastKnownFileType = sourcecode.swift; path = Responses.swift; sourceTree = "<group>"; };
		DE9364802301E42A0098DD0F /* Root.storyboard */ = {isa = PBXFileReference; lastKnownFileType = file.storyboard; path = Root.storyboard; sourceTree = "<group>"; };
		DE9364822301E4F20098DD0F /* Login.storyboard */ = {isa = PBXFileReference; lastKnownFileType = file.storyboard; path = Login.storyboard; sourceTree = "<group>"; };
		DE9364842301E5200098DD0F /* RootViewController.swift */ = {isa = PBXFileReference; lastKnownFileType = sourcecode.swift; path = RootViewController.swift; sourceTree = "<group>"; };
		DE9364862301E5380098DD0F /* LoginViewController.swift */ = {isa = PBXFileReference; lastKnownFileType = sourcecode.swift; path = LoginViewController.swift; sourceTree = "<group>"; };
		DE9CC1392303165F002AD56D /* LaunchScreen.storyboard */ = {isa = PBXFileReference; fileEncoding = 4; lastKnownFileType = file.storyboard; path = LaunchScreen.storyboard; sourceTree = "<group>"; };
		DE9CC13B23031670002AD56D /* Main.storyboard */ = {isa = PBXFileReference; fileEncoding = 4; lastKnownFileType = file.storyboard; path = Main.storyboard; sourceTree = "<group>"; };
/* End PBXFileReference section */

/* Begin PBXFrameworksBuildPhase section */
		DE7634BA23005BAB00BF90C5 /* Frameworks */ = {
			isa = PBXFrameworksBuildPhase;
			buildActionMask = 2147483647;
			files = (
				DE93647A2301A2360098DD0F /* Alamofire.framework in Frameworks */,
			);
			runOnlyForDeploymentPostprocessing = 0;
		};
/* End PBXFrameworksBuildPhase section */

/* Begin PBXGroup section */
		DE4AA2C223015FA4008043D1 /* Storyboards */ = {
			isa = PBXGroup;
			children = (
				DE9CC1392303165F002AD56D /* LaunchScreen.storyboard */,
				DE9364802301E42A0098DD0F /* Root.storyboard */,
				DE9CC13B23031670002AD56D /* Main.storyboard */,
				DE9364822301E4F20098DD0F /* Login.storyboard */,
			);
			path = Storyboards;
			sourceTree = "<group>";
		};
		DE4AA2C323015FBE008043D1 /* Controllers */ = {
			isa = PBXGroup;
			children = (
				DE936489230208780098DD0F /* Root */,
				DE936488230207B30098DD0F /* Main */,
				DE93648A230208850098DD0F /* Login */,
			);
			path = Controllers;
			sourceTree = "<group>";
		};
		DE4AA2C42301619A008043D1 /* Models */ = {
			isa = PBXGroup;
			children = (
				DE93647E2301B4FF0098DD0F /* Responses.swift */,
			);
			path = Models;
			sourceTree = "<group>";
		};
		DE4AA2C5230161D8008043D1 /* Components */ = {
			isa = PBXGroup;
			children = (
				DE4AA2C6230161F9008043D1 /* UserManager.swift */,
				DE4AA2CA230167A6008043D1 /* ServiceContainer.swift */,
				DE4AA2C8230165BF008043D1 /* APIConstants.swift */,
				DE4AA2CC23016AE8008043D1 /* APIManager.swift */,
				DE93647C2301B3080098DD0F /* APIError.swift */,
			);
			path = Components;
			sourceTree = "<group>";
		};
		DE7634B423005BAB00BF90C5 = {
			isa = PBXGroup;
			children = (
				DE7634BF23005BAB00BF90C5 /* VKDocuments */,
				DE7634BE23005BAB00BF90C5 /* Products */,
				DE9364782301A2360098DD0F /* Frameworks */,
			);
			sourceTree = "<group>";
		};
		DE7634BE23005BAB00BF90C5 /* Products */ = {
			isa = PBXGroup;
			children = (
				DE7634BD23005BAB00BF90C5 /* VKDocuments.app */,
			);
			name = Products;
			sourceTree = "<group>";
		};
		DE7634BF23005BAB00BF90C5 /* VKDocuments */ = {
			isa = PBXGroup;
			children = (
				DE4AA2C42301619A008043D1 /* Models */,
				DE4AA2C5230161D8008043D1 /* Components */,
				DE4AA2C323015FBE008043D1 /* Controllers */,
				DE4AA2C223015FA4008043D1 /* Storyboards */,
				DE7634D523005FCC00BF90C5 /* Base */,
				DE7634D223005E8A00BF90C5 /* Helpers */,
				DE7634C023005BAB00BF90C5 /* AppDelegate.swift */,
				DE7634C723005BAC00BF90C5 /* Assets.xcassets */,
				DE7634CC23005BAC00BF90C5 /* Info.plist */,
			);
			path = VKDocuments;
			sourceTree = "<group>";
		};
		DE7634D223005E8A00BF90C5 /* Helpers */ = {
			isa = PBXGroup;
			children = (
				DE7634D323005ECA00BF90C5 /* Constants.swift */,
			);
			path = Helpers;
			sourceTree = "<group>";
		};
		DE7634D523005FCC00BF90C5 /* Base */ = {
			isa = PBXGroup;
			children = (
				DE7634D623005FF300BF90C5 /* BaseViewController.swift */,
			);
			path = Base;
			sourceTree = "<group>";
		};
		DE9364782301A2360098DD0F /* Frameworks */ = {
			isa = PBXGroup;
			children = (
				DE9364792301A2360098DD0F /* Alamofire.framework */,
			);
			name = Frameworks;
			sourceTree = "<group>";
		};
		DE936488230207B30098DD0F /* Main */ = {
			isa = PBXGroup;
			children = (
				DE7634C223005BAB00BF90C5 /* MainViewController.swift */,
			);
			path = Main;
			sourceTree = "<group>";
		};
		DE936489230208780098DD0F /* Root */ = {
			isa = PBXGroup;
			children = (
				DE9364842301E5200098DD0F /* RootViewController.swift */,
			);
			path = Root;
			sourceTree = "<group>";
		};
		DE93648A230208850098DD0F /* Login */ = {
			isa = PBXGroup;
			children = (
				DE9364862301E5380098DD0F /* LoginViewController.swift */,
			);
			path = Login;
			sourceTree = "<group>";
		};
/* End PBXGroup section */

/* Begin PBXNativeTarget section */
		DE7634BC23005BAB00BF90C5 /* VKDocuments */ = {
			isa = PBXNativeTarget;
			buildConfigurationList = DE7634CF23005BAC00BF90C5 /* Build configuration list for PBXNativeTarget "VKDocuments" */;
			buildPhases = (
				DE7634B923005BAB00BF90C5 /* Sources */,
				DE7634BA23005BAB00BF90C5 /* Frameworks */,
				DE7634BB23005BAB00BF90C5 /* Resources */,
				DE93647B2301A25A0098DD0F /* ShellScript */,
			);
			buildRules = (
			);
			dependencies = (
			);
			name = VKDocuments;
			productName = VKDocuments;
			productReference = DE7634BD23005BAB00BF90C5 /* VKDocuments.app */;
			productType = "com.apple.product-type.application";
		};
/* End PBXNativeTarget section */

/* Begin PBXProject section */
		DE7634B523005BAB00BF90C5 /* Project object */ = {
			isa = PBXProject;
			attributes = {
				LastSwiftUpdateCheck = 1020;
				LastUpgradeCheck = 1020;
				ORGANIZATIONNAME = "Егор Егоров";
				TargetAttributes = {
					DE7634BC23005BAB00BF90C5 = {
						CreatedOnToolsVersion = 10.2.1;
					};
				};
			};
			buildConfigurationList = DE7634B823005BAB00BF90C5 /* Build configuration list for PBXProject "VKDocuments" */;
			compatibilityVersion = "Xcode 9.3";
			developmentRegion = en;
			hasScannedForEncodings = 0;
			knownRegions = (
				en,
			);
			mainGroup = DE7634B423005BAB00BF90C5;
			productRefGroup = DE7634BE23005BAB00BF90C5 /* Products */;
			projectDirPath = "";
			projectRoot = "";
			targets = (
				DE7634BC23005BAB00BF90C5 /* VKDocuments */,
			);
		};
/* End PBXProject section */

/* Begin PBXResourcesBuildPhase section */
		DE7634BB23005BAB00BF90C5 /* Resources */ = {
			isa = PBXResourcesBuildPhase;
			buildActionMask = 2147483647;
			files = (
				DE7634C823005BAC00BF90C5 /* Assets.xcassets in Resources */,
				DE9CC13C23031670002AD56D /* Main.storyboard in Resources */,
				DE9CC13A2303165F002AD56D /* LaunchScreen.storyboard in Resources */,
				DE9364812301E42A0098DD0F /* Root.storyboard in Resources */,
				DE9364832301E4F20098DD0F /* Login.storyboard in Resources */,
			);
			runOnlyForDeploymentPostprocessing = 0;
		};
/* End PBXResourcesBuildPhase section */

/* Begin PBXShellScriptBuildPhase section */
		DE93647B2301A25A0098DD0F /* ShellScript */ = {
			isa = PBXShellScriptBuildPhase;
			buildActionMask = 2147483647;
			files = (
			);
			inputFileListPaths = (
			);
			inputPaths = (
				"$(SRCROOT)/Carthage/Build/iOS/Alamofire.framework",
			);
			outputFileListPaths = (
			);
			outputPaths = (
				"$(BUILT_PRODUCTS_DIR)/$(FRAMEWORKS_FOLDER_PATH)/Alamofire.framework",
			);
			runOnlyForDeploymentPostprocessing = 0;
			shellPath = /bin/sh;
			shellScript = "/usr/local/bin/carthage copy-frameworks\n";
		};
/* End PBXShellScriptBuildPhase section */

/* Begin PBXSourcesBuildPhase section */
		DE7634B923005BAB00BF90C5 /* Sources */ = {
			isa = PBXSourcesBuildPhase;
			buildActionMask = 2147483647;
			files = (
				DE9364872301E5380098DD0F /* LoginViewController.swift in Sources */,
				DE93647F2301B4FF0098DD0F /* Responses.swift in Sources */,
				DE4AA2CD23016AE8008043D1 /* APIManager.swift in Sources */,
				DE7634C323005BAB00BF90C5 /* MainViewController.swift in Sources */,
				DE9364852301E5200098DD0F /* RootViewController.swift in Sources */,
				DE7634D723005FF300BF90C5 /* BaseViewController.swift in Sources */,
				DE4AA2CB230167A6008043D1 /* ServiceContainer.swift in Sources */,
				DE4AA2C9230165BF008043D1 /* APIConstants.swift in Sources */,
				DE7634C123005BAB00BF90C5 /* AppDelegate.swift in Sources */,
				DE4AA2C7230161F9008043D1 /* UserManager.swift in Sources */,
				DE7634D423005ECA00BF90C5 /* Constants.swift in Sources */,
				DE93647D2301B3080098DD0F /* APIError.swift in Sources */,
			);
			runOnlyForDeploymentPostprocessing = 0;
		};
/* End PBXSourcesBuildPhase section */

/* Begin XCBuildConfiguration section */
		DE7634CD23005BAC00BF90C5 /* Debug */ = {
			isa = XCBuildConfiguration;
			buildSettings = {
				ALWAYS_SEARCH_USER_PATHS = NO;
				CLANG_ANALYZER_NONNULL = YES;
				CLANG_ANALYZER_NUMBER_OBJECT_CONVERSION = YES_AGGRESSIVE;
				CLANG_CXX_LANGUAGE_STANDARD = "gnu++14";
				CLANG_CXX_LIBRARY = "libc++";
				CLANG_ENABLE_MODULES = YES;
				CLANG_ENABLE_OBJC_ARC = YES;
				CLANG_ENABLE_OBJC_WEAK = YES;
				CLANG_WARN_BLOCK_CAPTURE_AUTORELEASING = YES;
				CLANG_WARN_BOOL_CONVERSION = YES;
				CLANG_WARN_COMMA = YES;
				CLANG_WARN_CONSTANT_CONVERSION = YES;
				CLANG_WARN_DEPRECATED_OBJC_IMPLEMENTATIONS = YES;
				CLANG_WARN_DIRECT_OBJC_ISA_USAGE = YES_ERROR;
				CLANG_WARN_DOCUMENTATION_COMMENTS = YES;
				CLANG_WARN_EMPTY_BODY = YES;
				CLANG_WARN_ENUM_CONVERSION = YES;
				CLANG_WARN_INFINITE_RECURSION = YES;
				CLANG_WARN_INT_CONVERSION = YES;
				CLANG_WARN_NON_LITERAL_NULL_CONVERSION = YES;
				CLANG_WARN_OBJC_IMPLICIT_RETAIN_SELF = YES;
				CLANG_WARN_OBJC_LITERAL_CONVERSION = YES;
				CLANG_WARN_OBJC_ROOT_CLASS = YES_ERROR;
				CLANG_WARN_RANGE_LOOP_ANALYSIS = YES;
				CLANG_WARN_STRICT_PROTOTYPES = YES;
				CLANG_WARN_SUSPICIOUS_MOVE = YES;
				CLANG_WARN_UNGUARDED_AVAILABILITY = YES_AGGRESSIVE;
				CLANG_WARN_UNREACHABLE_CODE = YES;
				CLANG_WARN__DUPLICATE_METHOD_MATCH = YES;
				CODE_SIGN_IDENTITY = "iPhone Developer";
				COPY_PHASE_STRIP = NO;
				DEBUG_INFORMATION_FORMAT = dwarf;
				ENABLE_STRICT_OBJC_MSGSEND = YES;
				ENABLE_TESTABILITY = YES;
				GCC_C_LANGUAGE_STANDARD = gnu11;
				GCC_DYNAMIC_NO_PIC = NO;
				GCC_NO_COMMON_BLOCKS = YES;
				GCC_OPTIMIZATION_LEVEL = 0;
				GCC_PREPROCESSOR_DEFINITIONS = (
					"DEBUG=1",
					"$(inherited)",
				);
				GCC_WARN_64_TO_32_BIT_CONVERSION = YES;
				GCC_WARN_ABOUT_RETURN_TYPE = YES_ERROR;
				GCC_WARN_UNDECLARED_SELECTOR = YES;
				GCC_WARN_UNINITIALIZED_AUTOS = YES_AGGRESSIVE;
				GCC_WARN_UNUSED_FUNCTION = YES;
				GCC_WARN_UNUSED_VARIABLE = YES;
				IPHONEOS_DEPLOYMENT_TARGET = 12.2;
				MTL_ENABLE_DEBUG_INFO = INCLUDE_SOURCE;
				MTL_FAST_MATH = YES;
				ONLY_ACTIVE_ARCH = YES;
				SDKROOT = iphoneos;
				SWIFT_ACTIVE_COMPILATION_CONDITIONS = DEBUG;
				SWIFT_OPTIMIZATION_LEVEL = "-Onone";
			};
			name = Debug;
		};
		DE7634CE23005BAC00BF90C5 /* Release */ = {
			isa = XCBuildConfiguration;
			buildSettings = {
				ALWAYS_SEARCH_USER_PATHS = NO;
				CLANG_ANALYZER_NONNULL = YES;
				CLANG_ANALYZER_NUMBER_OBJECT_CONVERSION = YES_AGGRESSIVE;
				CLANG_CXX_LANGUAGE_STANDARD = "gnu++14";
				CLANG_CXX_LIBRARY = "libc++";
				CLANG_ENABLE_MODULES = YES;
				CLANG_ENABLE_OBJC_ARC = YES;
				CLANG_ENABLE_OBJC_WEAK = YES;
				CLANG_WARN_BLOCK_CAPTURE_AUTORELEASING = YES;
				CLANG_WARN_BOOL_CONVERSION = YES;
				CLANG_WARN_COMMA = YES;
				CLANG_WARN_CONSTANT_CONVERSION = YES;
				CLANG_WARN_DEPRECATED_OBJC_IMPLEMENTATIONS = YES;
				CLANG_WARN_DIRECT_OBJC_ISA_USAGE = YES_ERROR;
				CLANG_WARN_DOCUMENTATION_COMMENTS = YES;
				CLANG_WARN_EMPTY_BODY = YES;
				CLANG_WARN_ENUM_CONVERSION = YES;
				CLANG_WARN_INFINITE_RECURSION = YES;
				CLANG_WARN_INT_CONVERSION = YES;
				CLANG_WARN_NON_LITERAL_NULL_CONVERSION = YES;
				CLANG_WARN_OBJC_IMPLICIT_RETAIN_SELF = YES;
				CLANG_WARN_OBJC_LITERAL_CONVERSION = YES;
				CLANG_WARN_OBJC_ROOT_CLASS = YES_ERROR;
				CLANG_WARN_RANGE_LOOP_ANALYSIS = YES;
				CLANG_WARN_STRICT_PROTOTYPES = YES;
				CLANG_WARN_SUSPICIOUS_MOVE = YES;
				CLANG_WARN_UNGUARDED_AVAILABILITY = YES_AGGRESSIVE;
				CLANG_WARN_UNREACHABLE_CODE = YES;
				CLANG_WARN__DUPLICATE_METHOD_MATCH = YES;
				CODE_SIGN_IDENTITY = "iPhone Developer";
				COPY_PHASE_STRIP = NO;
				DEBUG_INFORMATION_FORMAT = "dwarf-with-dsym";
				ENABLE_NS_ASSERTIONS = NO;
				ENABLE_STRICT_OBJC_MSGSEND = YES;
				GCC_C_LANGUAGE_STANDARD = gnu11;
				GCC_NO_COMMON_BLOCKS = YES;
				GCC_WARN_64_TO_32_BIT_CONVERSION = YES;
				GCC_WARN_ABOUT_RETURN_TYPE = YES_ERROR;
				GCC_WARN_UNDECLARED_SELECTOR = YES;
				GCC_WARN_UNINITIALIZED_AUTOS = YES_AGGRESSIVE;
				GCC_WARN_UNUSED_FUNCTION = YES;
				GCC_WARN_UNUSED_VARIABLE = YES;
				IPHONEOS_DEPLOYMENT_TARGET = 12.2;
				MTL_ENABLE_DEBUG_INFO = NO;
				MTL_FAST_MATH = YES;
				SDKROOT = iphoneos;
				SWIFT_COMPILATION_MODE = wholemodule;
				SWIFT_OPTIMIZATION_LEVEL = "-O";
				VALIDATE_PRODUCT = YES;
			};
			name = Release;
		};
		DE7634D023005BAC00BF90C5 /* Debug */ = {
			isa = XCBuildConfiguration;
			buildSettings = {
				ASSETCATALOG_COMPILER_APPICON_NAME = AppIcon;
				CODE_SIGN_STYLE = Automatic;
				DEVELOPMENT_TEAM = 7XZ8K92667;
				FRAMEWORK_SEARCH_PATHS = (
					"$(inherited)",
					"$(PROJECT_DIR)/Carthage/Build/iOS",
				);
				INFOPLIST_FILE = VKDocuments/Info.plist;
				LD_RUNPATH_SEARCH_PATHS = (
					"$(inherited)",
					"@executable_path/Frameworks",
				);
				PRODUCT_BUNDLE_IDENTIFIER = ru.erorrov.VKDocuments;
				PRODUCT_NAME = "$(TARGET_NAME)";
				SWIFT_VERSION = 5.0;
				TARGETED_DEVICE_FAMILY = 1;
			};
			name = Debug;
		};
		DE7634D123005BAC00BF90C5 /* Release */ = {
			isa = XCBuildConfiguration;
			buildSettings = {
				ASSETCATALOG_COMPILER_APPICON_NAME = AppIcon;
				CODE_SIGN_STYLE = Automatic;
				DEVELOPMENT_TEAM = 7XZ8K92667;
				FRAMEWORK_SEARCH_PATHS = (
					"$(inherited)",
					"$(PROJECT_DIR)/Carthage/Build/iOS",
				);
				INFOPLIST_FILE = VKDocuments/Info.plist;
				LD_RUNPATH_SEARCH_PATHS = (
					"$(inherited)",
					"@executable_path/Frameworks",
				);
				PRODUCT_BUNDLE_IDENTIFIER = ru.erorrov.VKDocuments;
				PRODUCT_NAME = "$(TARGET_NAME)";
				SWIFT_VERSION = 5.0;
				TARGETED_DEVICE_FAMILY = 1;
			};
			name = Release;
		};
/* End XCBuildConfiguration section */

/* Begin XCConfigurationList section */
		DE7634B823005BAB00BF90C5 /* Build configuration list for PBXProject "VKDocuments" */ = {
			isa = XCConfigurationList;
			buildConfigurations = (
				DE7634CD23005BAC00BF90C5 /* Debug */,
				DE7634CE23005BAC00BF90C5 /* Release */,
			);
			defaultConfigurationIsVisible = 0;
			defaultConfigurationName = Release;
		};
		DE7634CF23005BAC00BF90C5 /* Build configuration list for PBXNativeTarget "VKDocuments" */ = {
			isa = XCConfigurationList;
			buildConfigurations = (
				DE7634D023005BAC00BF90C5 /* Debug */,
				DE7634D123005BAC00BF90C5 /* Release */,
			);
			defaultConfigurationIsVisible = 0;
			defaultConfigurationName = Release;
		};
/* End XCConfigurationList section */
	};
	rootObject = DE7634B523005BAB00BF90C5 /* Project object */;
}
